
Microsoft Visual Studio Solution File, Format Version 12.00
# Visual Studio Version 17
VisualStudioVersion = 17.9.34714.143
MinimumVisualStudioVersion = 10.0.40219.1
Project("{FAE04EC0-301F-11D3-BF4B-00C04F79EFBC}") = "PlaywrightPracticeTask2024", "PlaywrightPracticeTask2024.csproj", "{7BC8AD50-D2FC-4679-9191-A46914A98219}"
EndProject
Global
	GlobalSection(SolutionConfigurationPlatforms) = preSolution
		Debug|Any CPU = Debug|Any CPU
		Release|Any CPU = Release|Any CPU
	EndGlobalSection
	GlobalSection(ProjectConfigurationPlatforms) = postSolution
		{7BC8AD50-D2FC-4679-9191-A46914A98219}.Debug|Any CPU.ActiveCfg = Debug|Any CPU
		{7BC8AD50-D2FC-4679-9191-A46914A98219}.Debug|Any CPU.Build.0 = Debug|Any CPU
		{7BC8AD50-D2FC-4679-9191-A46914A98219}.Release|Any CPU.ActiveCfg = Release|Any CPU
		{7BC8AD50-D2FC-4679-9191-A46914A98219}.Release|Any CPU.Build.0 = Release|Any CPU
	EndGlobalSection
	GlobalSection(SolutionProperties) = preSolution
		HideSolutionNode = FALSE
	EndGlobalSection
	GlobalSection(ExtensibilityGlobals) = postSolution
		SolutionGuid = {8731D6D3-24DB-4D09-9C1E-36C1F35FDC99}
	EndGlobalSection
EndGlobal
